
Microsoft Visual Studio Solution File, Format Version 12.00
# Visual Studio 14
VisualStudioVersion = 14.0.25420.1
MinimumVisualStudioVersion = 10.0.40219.1
Project("{FAE04EC0-301F-11D3-BF4B-00C04F79EFBC}") = "Math", "Math\Math.csproj", "{62C23403-42C2-433F-8528-98125B24848F}"
EndProject
Global
	GlobalSection(SolutionConfigurationPlatforms) = preSolution
		Debug|Any CPU = Debug|Any CPU
		Release|Any CPU = Release|Any CPU
	EndGlobalSection
	GlobalSection(ProjectConfigurationPlatforms) = postSolution
		{62C23403-42C2-433F-8528-98125B24848F}.Debug|Any CPU.ActiveCfg = Debug|Any CPU
		{62C23403-42C2-433F-8528-98125B24848F}.Debug|Any CPU.Build.0 = Debug|Any CPU
		{62C23403-42C2-433F-8528-98125B24848F}.Release|Any CPU.ActiveCfg = Release|Any CPU
		{62C23403-42C2-433F-8528-98125B24848F}.Release|Any CPU.Build.0 = Release|Any CPU
	EndGlobalSection
	GlobalSection(SolutionProperties) = preSolution
		HideSolutionNode = FALSE
	EndGlobalSection
EndGlobal
